# Pinned Colab-like kernel stack for review.sh sync / check (Colab: Python 3.12, IPython 7.34.0, ipykernel 6.17.1).
# Install with ensure_colab_venv.sh (uv pip sync). Generated with: uv pip freeze --python <venv>/bin/python
attrs==26.1.0
backcall==0.2.0
debugpy==1.8.22
decorator==5.3.1
entrypoints==0.4
fastjsonschema==2.22.2
ipykernel==6.17.1
ipython==7.34.0
jedi==0.20.0
jsonschema==4.26.0
jsonschema-specifications==2025.9.1
jupyter-client==7.4.9
jupyter-core==5.9.1
matplotlib-inline==0.2.2
nbclient==0.11.0
nbformat==5.11.1
nest-asyncio==1.6.0
packaging==26.3
parso==0.8.7
pexpect==4.9.0
pickleshare==0.7.5
platformdirs==4.12.4
prompt-toolkit==3.0.53
psutil==7.2.2
ptyprocess==0.7.0
pygments==2.21.0
python-dateutil==2.9.0.post0
pyzmq==27.2.0
referencing==0.37.0
rpds-py==2026.9.1
setuptools==84.0.0
six==1.17.0
tornado==6.5.10
traitlets==5.16.1
typing-extensions==4.16.0
wcwidth==0.9.2
